hash: 7cc1bd35ddad7954a048a9395f2c38ebce2c7bf83c17946447e6b1304d829390
updated: 2018-06-03T19:31:53.051293664+08:00
imports:
- name: github.com/golang/protobuf
  version: b4deda0973fb4c70b50d226b1af49f3da59f5265
  subpackages:
  - proto
  - protoc-gen-go
  - ptypes
  - ptypes/any
  - ptypes/duration
  - ptypes/timestamp
- name: github.com/sirupsen/logrus
  version: c155da19408a8799da419ed3eeb0cb5db0ad5dbc
- name: google.golang.org/genproto
  version: 2c5e7ac708aaa719366570dd82bda44541ca2a63
  subpackages:
  - googleapis/rpc/status
- name: google.golang.org/grpc
  version: f0a1202acdc5c4702be05098d5ff8e9b3b444442
  subpackages:
  - balancer
  - balancer/base
  - balancer/roundrobin
  - codes
  - connectivity
  - credentials
  - encoding
  - encoding/proto
  - grpclb/grpc_lb_v1/messages
  - grpclog
  - internal
  - keepalive
  - metadata
  - naming
  - peer
  - resolver
  - resolver/dns
  - resolver/passthrough
  - stats
  - status
  - tap
  - transport
testImports: []
